
Microsoft Visual Studio Solution File, Format Version 12.00
# Visual Studio Version 17
VisualStudioVersion = 17.14.36310.24
MinimumVisualStudioVersion = 10.0.40219.1
Project("{FAE04EC0-301F-11D3-BF4B-00C04F79EFBC}") = "Linkerator-Windows", "Linkerator\Linkerator-Windows.csproj", "{388CA9E9-625E-458E-AA81-CB59DC737A8E}"
EndProject
Project("{FAE04EC0-301F-11D3-BF4B-00C04F79EFBC}") = "Linkerator.Windows", "Linkerator.Windows\Linkerator.Windows.csproj", "{15B0B47C-A577-4C12-8774-D5A995BDDE1F}"
EndProject
Project("{FAE04EC0-301F-11D3-BF4B-00C04F79EFBC}") = "Linkerator.MacOS", "Linkerator.MacOS\Linkerator.MacOS.csproj", "{6A9A9382-4077-4154-966C-D2C5FE00698B}"
EndProject
Project("{FAE04EC0-301F-11D3-BF4B-00C04F79EFBC}") = "Linkerator.Core", "Linkerator.Core\Linkerator.Core.csproj", "{881023E5-A303-4087-AC14-A0AE17DDA69F}"
EndProject
Project("{FAE04EC0-301F-11D3-BF4B-00C04F79EFBC}") = "Linkerator-MacOS", "Linkerator\Linkerator-MacOS.csproj", "{3CC13B5D-113E-E834-B939-503205AAFAD9}"
EndProject
Global
	GlobalSection(SolutionConfigurationPlatforms) = preSolution
		Debug|Any CPU = Debug|Any CPU
		Release|Any CPU = Release|Any CPU
	EndGlobalSection
	GlobalSection(ProjectConfigurationPlatforms) = postSolution
		{388CA9E9-625E-458E-AA81-CB59DC737A8E}.Debug|Any CPU.ActiveCfg = Debug|Any CPU
		{388CA9E9-625E-458E-AA81-CB59DC737A8E}.Debug|Any CPU.Build.0 = Debug|Any CPU
		{388CA9E9-625E-458E-AA81-CB59DC737A8E}.Release|Any CPU.ActiveCfg = Release|Any CPU
		{388CA9E9-625E-458E-AA81-CB59DC737A8E}.Release|Any CPU.Build.0 = Release|Any CPU
		{15B0B47C-A577-4C12-8774-D5A995BDDE1F}.Debug|Any CPU.ActiveCfg = Debug|Any CPU
		{15B0B47C-A577-4C12-8774-D5A995BDDE1F}.Debug|Any CPU.Build.0 = Debug|Any CPU
		{15B0B47C-A577-4C12-8774-D5A995BDDE1F}.Release|Any CPU.ActiveCfg = Release|Any CPU
		{15B0B47C-A577-4C12-8774-D5A995BDDE1F}.Release|Any CPU.Build.0 = Release|Any CPU
		{6A9A9382-4077-4154-966C-D2C5FE00698B}.Debug|Any CPU.ActiveCfg = Debug|Any CPU
		{6A9A9382-4077-4154-966C-D2C5FE00698B}.Debug|Any CPU.Build.0 = Debug|Any CPU
		{6A9A9382-4077-4154-966C-D2C5FE00698B}.Release|Any CPU.ActiveCfg = Release|Any CPU
		{6A9A9382-4077-4154-966C-D2C5FE00698B}.Release|Any CPU.Build.0 = Release|Any CPU
		{881023E5-A303-4087-AC14-A0AE17DDA69F}.Debug|Any CPU.ActiveCfg = Debug|Any CPU
		{881023E5-A303-4087-AC14-A0AE17DDA69F}.Debug|Any CPU.Build.0 = Debug|Any CPU
		{881023E5-A303-4087-AC14-A0AE17DDA69F}.Release|Any CPU.ActiveCfg = Release|Any CPU
		{881023E5-A303-4087-AC14-A0AE17DDA69F}.Release|Any CPU.Build.0 = Release|Any CPU
		{3CC13B5D-113E-E834-B939-503205AAFAD9}.Debug|Any CPU.ActiveCfg = Debug|Any CPU
		{3CC13B5D-113E-E834-B939-503205AAFAD9}.Debug|Any CPU.Build.0 = Debug|Any CPU
		{3CC13B5D-113E-E834-B939-503205AAFAD9}.Release|Any CPU.ActiveCfg = Release|Any CPU
		{3CC13B5D-113E-E834-B939-503205AAFAD9}.Release|Any CPU.Build.0 = Release|Any CPU
	EndGlobalSection
	GlobalSection(SolutionProperties) = preSolution
		HideSolutionNode = FALSE
	EndGlobalSection
	GlobalSection(ExtensibilityGlobals) = postSolution
		SolutionGuid = {D5FF16CD-6DEB-4E20-80B8-31449374158F}
	EndGlobalSection
EndGlobal
